
Microsoft Visual Studio Solution File, Format Version 12.00
# Visual Studio Version 17
VisualStudioVersion = 17.5.33414.496
MinimumVisualStudioVersion = 10.0.40219.1
Project("{FAE04EC0-301F-11D3-BF4B-00C04F79EFBC}") = "ResumeManagementApp", "ResumeManagementApp\ResumeManagementApp.csproj", "{9122723F-8801-4CE9-A560-A095BEC2894A}"
EndProject
Global
	GlobalSection(SolutionConfigurationPlatforms) = preSolution
		Debug|Any CPU = Debug|Any CPU
		Release|Any CPU = Release|Any CPU
	EndGlobalSection
	GlobalSection(ProjectConfigurationPlatforms) = postSolution
		{9122723F-8801-4CE9-A560-A095BEC2894A}.Debug|Any CPU.ActiveCfg = Debug|Any CPU
		{9122723F-8801-4CE9-A560-A095BEC2894A}.Debug|Any CPU.Build.0 = Debug|Any CPU
		{9122723F-8801-4CE9-A560-A095BEC2894A}.Release|Any CPU.ActiveCfg = Release|Any CPU
		{9122723F-8801-4CE9-A560-A095BEC2894A}.Release|Any CPU.Build.0 = Release|Any CPU
	EndGlobalSection
	GlobalSection(SolutionProperties) = preSolution
		HideSolutionNode = FALSE
	EndGlobalSection
	GlobalSection(ExtensibilityGlobals) = postSolution
		SolutionGuid = {F7FF34A1-5C3D-444F-A197-9086DF1CF87C}
	EndGlobalSection
EndGlobal
